
Microsoft Visual Studio Solution File, Format Version 12.00
# Visual Studio Version 17
VisualStudioVersion = 17.14.36414.22 d17.14
MinimumVisualStudioVersion = 10.0.40219.1
Project("{FAE04EC0-301F-11D3-BF4B-00C04F79EFBC}") = "Ariketa2", "Ariketa2.csproj", "{B7112A6D-010E-46DC-8E70-5EC0AF83DEA2}"
EndProject
Global
	GlobalSection(SolutionConfigurationPlatforms) = preSolution
		Debug|Any CPU = Debug|Any CPU
		Release|Any CPU = Release|Any CPU
	EndGlobalSection
	GlobalSection(ProjectConfigurationPlatforms) = postSolution
		{B7112A6D-010E-46DC-8E70-5EC0AF83DEA2}.Debug|Any CPU.ActiveCfg = Debug|Any CPU
		{B7112A6D-010E-46DC-8E70-5EC0AF83DEA2}.Debug|Any CPU.Build.0 = Debug|Any CPU
		{B7112A6D-010E-46DC-8E70-5EC0AF83DEA2}.Release|Any CPU.ActiveCfg = Release|Any CPU
		{B7112A6D-010E-46DC-8E70-5EC0AF83DEA2}.Release|Any CPU.Build.0 = Release|Any CPU
	EndGlobalSection
	GlobalSection(SolutionProperties) = preSolution
		HideSolutionNode = FALSE
	EndGlobalSection
	GlobalSection(ExtensibilityGlobals) = postSolution
		SolutionGuid = {76DE7637-505A-428A-AFBC-64916AD6C5B7}
	EndGlobalSection
EndGlobal
